<Solution>
  <Folder Name="/.sln/">
    <File Path=".gitignore" />
    <File Path="Directory.Build.props" />
    <File Path="Directory.Packages.props" />
  </Folder>
  <Project Path="StatelessMermaid.Tests/StatelessMermaid.Tests.csproj" />
  <Project Path="StatelessMermaid/StatelessMermaid.csproj" />
</Solution>
